
Microsoft Visual Studio Solution File, Format Version 12.00
# Visual Studio 15
VisualStudioVersion = 15.0.28307.489
MinimumVisualStudioVersion = 10.0.40219.1
Project("{FAE04EC0-301F-11D3-BF4B-00C04F79EFBC}") = "App2", "App2\App2.csproj", "{E3F76E9B-E5F9-4ACE-B382-BADB0BF2BB45}"
EndProject
Global
	GlobalSection(SolutionConfigurationPlatforms) = preSolution
		Debug|Any CPU = Debug|Any CPU
		Release|Any CPU = Release|Any CPU
	EndGlobalSection
	GlobalSection(ProjectConfigurationPlatforms) = postSolution
		{E3F76E9B-E5F9-4ACE-B382-BADB0BF2BB45}.Debug|Any CPU.ActiveCfg = Debug|Any CPU
		{E3F76E9B-E5F9-4ACE-B382-BADB0BF2BB45}.Debug|Any CPU.Build.0 = Debug|Any CPU
		{E3F76E9B-E5F9-4ACE-B382-BADB0BF2BB45}.Release|Any CPU.ActiveCfg = Release|Any CPU
		{E3F76E9B-E5F9-4ACE-B382-BADB0BF2BB45}.Release|Any CPU.Build.0 = Release|Any CPU
	EndGlobalSection
	GlobalSection(SolutionProperties) = preSolution
		HideSolutionNode = FALSE
	EndGlobalSection
	GlobalSection(ExtensibilityGlobals) = postSolution
		SolutionGuid = {30C8A846-ADD4-4E87-9581-834F1AE71B22}
	EndGlobalSection
EndGlobal
